# This file is automatically @generated by Poetry 1.5.0 and should not be changed by hand.

[[package]]
name = "aiojobs"
version = "1.1.0"
description = "Job scheduler for managing background tasks (asyncio)"
optional = false
python-versions = ">=3.7"
files = [
    {file = "aiojobs-1.1.0-py3-none-any.whl", hash = "sha256:2080af76fda924bf2a60446f9b4435b11bb2418315c82664b07c2bb369b595d3"},
    {file = "aiojobs-1.1.0.tar.gz", hash = "sha256:f0c43dfc4de359052a67df309b593732c32028deef1bb787c7a363da29accde3"},
]

[package.dependencies]
async-timeout = ">=4.0.0"

[package.extras]
aiohttp = ["aiohttp (>=3.8.0)"]

[[package]]
name = "async-timeout"
version = "4.0.2"
description = "Timeout context manager for asyncio programs"
optional = false
python-versions = ">=3.6"
files = [
    {file = "async-timeout-4.0.2.tar.gz", hash = "sha256:2163e1640ddb52b7a8c80d0a67a08587e5d245cc9c553a74a847056bc2976b15"},
    {file = "async_timeout-4.0.2-py3-none-any.whl", hash = "sha256:8ca1e4fcf50d07413d66d1a5e416e42cfdf5851c981d679a09851a6853383b3c"},
]

[[package]]
name = "deprecated"
version = "1.2.14"
description = "Python @deprecated decorator to deprecate old python classes, functions or methods."
optional = false
python-versions = ">=2.7, !=3.0.*, !=3.1.*, !=3.2.*, !=3.3.*"
files = [
    {file = "Deprecated-1.2.14-py2.py3-none-any.whl", hash = "sha256:6fac8b097794a90302bdbb17b9b815e732d3c4720583ff1b198499d78470466c"},
    {file = "Deprecated-1.2.14.tar.gz", hash = "sha256:e5323eb936458dccc2582dc6f9c322c852a775a27065ff2b0c4970b9d53d01b3"},
]

[package.dependencies]
wrapt = ">=1.10,<2"

[package.extras]
dev = ["PyTest", "PyTest-Cov", "bump2version (<1)", "sphinx (<2)", "tox"]

[[package]]
name = "googleapis-common-protos"
version = "1.56.1"
description = "Common protobufs used in Google APIs"
optional = false
python-versions = ">=3.6"
files = [
    {file = "googleapis-common-protos-1.56.1.tar.gz", hash = "sha256:6b5ee59dc646eb61a8eb65ee1db186d3df6687c8804830024f32573298bca19b"},
    {file = "googleapis_common_protos-1.56.1-py2.py3-none-any.whl", hash = "sha256:ddcd955b5bb6589368f659fa475373faa1ed7d09cde5ba25e88513d87007e174"},
]

[package.dependencies]
protobuf = ">=3.15.0"

[package.extras]
grpc = ["grpcio (>=1.0.0)"]

[[package]]
name = "grpcio"
version = "1.56.0"
description = "HTTP/2-based RPC framework"
optional = false
python-versions = ">=3.7"
files = [
    {file = "grpcio-1.56.0-cp310-cp310-linux_armv7l.whl", hash = "sha256:fb34ace11419f1ae321c36ccaa18d81cd3f20728cd191250be42949d6845bb2d"},
    {file = "grpcio-1.56.0-cp310-cp310-macosx_12_0_universal2.whl", hash = "sha256:008767c0aed4899e657b50f2e0beacbabccab51359eba547f860e7c55f2be6ba"},
    {file = "grpcio-1.56.0-cp310-cp310-manylinux_2_17_aarch64.whl", hash = "sha256:17f47aeb9be0da5337f9ff33ebb8795899021e6c0741ee68bd69774a7804ca86"},
    {file = "grpcio-1.56.0-cp310-cp310-manylinux_2_17_i686.manylinux2014_i686.whl", hash = "sha256:43c50d810cc26349b093bf2cfe86756ab3e9aba3e7e681d360930c1268e1399a"},
    {file = "grpcio-1.56.0-cp310-cp310-manylinux_2_17_x86_64.manylinux2014_x86_64.whl", hash = "sha256:187b8f71bad7d41eea15e0c9812aaa2b87adfb343895fffb704fb040ca731863"},
    {file = "grpcio-1.56.0-cp310-cp310-musllinux_1_1_i686.whl", hash = "sha256:881575f240eb5db72ddca4dc5602898c29bc082e0d94599bf20588fb7d1ee6a0"},
    {file = "grpcio-1.56.0-cp310-cp310-musllinux_1_1_x86_64.whl", hash = "sha256:c243b158dd7585021d16c50498c4b2ec0a64a6119967440c5ff2d8c89e72330e"},
    {file = "grpcio-1.56.0-cp310-cp310-win32.whl", hash = "sha256:8b3b2c7b5feef90bc9a5fa1c7f97637e55ec3e76460c6d16c3013952ee479cd9"},
    {file = "grpcio-1.56.0-cp310-cp310-win_amd64.whl", hash = "sha256:03a80451530fd3b8b155e0c4480434f6be669daf7ecba56f73ef98f94222ee01"},
    {file = "grpcio-1.56.0-cp311-cp311-linux_armv7l.whl", hash = "sha256:64bd3abcf9fb4a9fa4ede8d0d34686314a7075f62a1502217b227991d9ca4245"},
    {file = "grpcio-1.56.0-cp311-cp311-macosx_10_10_universal2.whl", hash = "sha256:fdc3a895791af4addbb826808d4c9c35917c59bb5c430d729f44224e51c92d61"},
    {file = "grpcio-1.56.0-cp311-cp311-manylinux_2_17_aarch64.whl", hash = "sha256:4f84a6fd4482e5fe73b297d4874b62a535bc75dc6aec8e9fe0dc88106cd40397"},
    {file = "grpcio-1.56.0-cp311-cp311-manylinux_2_17_i686.manylinux2014_i686.whl", hash = "sha256:14e70b4dda3183abea94c72d41d5930c333b21f8561c1904a372d80370592ef3"},
    {file = "grpcio-1.56.0-cp311-cp311-manylinux_2_17_x86_64.manylinux2014_x86_64.whl", hash = "sha256:6b5ce42a5ebe3e04796246ba50357f1813c44a6efe17a37f8dc7a5c470377312"},
    {file = "grpcio-1.56.0-cp311-cp311-musllinux_1_1_i686.whl", hash = "sha256:8219f17baf069fe8e42bd8ca0b312b875595e43a70cabf397be4fda488e2f27d"},
    {file = "grpcio-1.56.0-cp311-cp311-musllinux_1_1_x86_64.whl", hash = "sha256:defdd14b518e6e468466f799aaa69db0355bca8d3a5ea75fb912d28ba6f8af31"},
    {file = "grpcio-1.56.0-cp311-cp311-win32.whl", hash = "sha256:50f4daa698835accbbcc60e61e0bc29636c0156ddcafb3891c987e533a0031ba"},
    {file = "grpcio-1.56.0-cp311-cp311-win_amd64.whl", hash = "sha256:59c4e606993a47146fbeaf304b9e78c447f5b9ee5641cae013028c4cca784617"},
    {file = "grpcio-1.56.0-cp37-cp37m-linux_armv7l.whl", hash = "sha256:b1f4b6f25a87d80b28dd6d02e87d63fe1577fe6d04a60a17454e3f8077a38279"},
    {file = "grpcio-1.56.0-cp37-cp37m-macosx_10_10_universal2.whl", hash = "sha256:c2148170e01d464d41011a878088444c13413264418b557f0bdcd1bf1b674a0e"},
    {file = "grpcio-1.56.0-cp37-cp37m-manylinux_2_17_aarch64.whl", hash = "sha256:0409de787ebbf08c9d2bca2bcc7762c1efe72eada164af78b50567a8dfc7253c"},
    {file = "grpcio-1.56.0-cp37-cp37m-manylinux_2_17_i686.manylinux2014_i686.whl", hash = "sha256:66f0369d27f4c105cd21059d635860bb2ea81bd593061c45fb64875103f40e4a"},
    {file = "grpcio-1.56.0-cp37-cp37m-manylinux_2_17_x86_64.manylinux2014_x86_64.whl", hash = "sha256:38fdf5bd0a1c754ce6bf9311a3c2c7ebe56e88b8763593316b69e0e9a56af1de"},
    {file = "grpcio-1.56.0-cp37-cp37m-musllinux_1_1_i686.whl", hash = "sha256:79d4c5911d12a7aa671e5eb40cbb50a830396525014d2d6f254ea2ba180ce637"},
    {file = "grpcio-1.56.0-cp37-cp37m-musllinux_1_1_x86_64.whl", hash = "sha256:5d2fc471668a7222e213f86ef76933b18cdda6a51ea1322034478df8c6519959"},
    {file = "grpcio-1.56.0-cp37-cp37m-win_amd64.whl", hash = "sha256:991224fd485e088d3cb5e34366053691a4848a6b7112b8f5625a411305c26691"},
    {file = "grpcio-1.56.0-cp38-cp38-linux_armv7l.whl", hash = "sha256:c6f36621aabecbaff3e70c4d1d924c76c8e6a7ffec60c331893640a4af0a8037"},
    {file = "grpcio-1.56.0-cp38-cp38-macosx_10_10_universal2.whl", hash = "sha256:1eadd6de258901929223f422ffed7f8b310c0323324caf59227f9899ea1b1674"},
    {file = "grpcio-1.56.0-cp38-cp38-manylinux_2_17_aarch64.whl", hash = "sha256:72836b5a1d4f508ffbcfe35033d027859cc737972f9dddbe33fb75d687421e2e"},
    {file = "grpcio-1.56.0-cp38-cp38-manylinux_2_17_i686.manylinux2014_i686.whl", hash = "sha256:f92a99ab0c7772fb6859bf2e4f44ad30088d18f7c67b83205297bfb229e0d2cf"},
    {file = "grpcio-1.56.0-cp38-cp38-manylinux_2_17_x86_64.manylinux2014_x86_64.whl", hash = "sha256:aa08affbf672d051cd3da62303901aeb7042a2c188c03b2c2a2d346fc5e81c14"},
    {file = "grpcio-1.56.0-cp38-cp38-musllinux_1_1_i686.whl", hash = "sha256:e2db108b4c8e29c145e95b0226973a66d73ae3e3e7fae00329294af4e27f1c42"},
    {file = "grpcio-1.56.0-cp38-cp38-musllinux_1_1_x86_64.whl", hash = "sha256:8674fdbd28266d8efbcddacf4ec3643f76fe6376f73283fd63a8374c14b0ef7c"},
    {file = "grpcio-1.56.0-cp38-cp38-win32.whl", hash = "sha256:bd55f743e654fb050c665968d7ec2c33f03578a4bbb163cfce38024775ff54cc"},
    {file = "grpcio-1.56.0-cp38-cp38-win_amd64.whl", hash = "sha256:c63bc5ac6c7e646c296fed9139097ae0f0e63f36f0864d7ce431cce61fe0118a"},
    {file = "grpcio-1.56.0-cp39-cp39-linux_armv7l.whl", hash = "sha256:c0bc9dda550785d23f4f025be614b7faa8d0293e10811f0f8536cf50435b7a30"},
    {file = "grpcio-1.56.0-cp39-cp39-macosx_10_10_universal2.whl", hash = "sha256:d596408bab632ec7b947761e83ce6b3e7632e26b76d64c239ba66b554b7ee286"},
    {file = "grpcio-1.56.0-cp39-cp39-manylinux_2_17_aarch64.whl", hash = "sha256:76b6e6e1ee9bda32e6e933efd61c512e9a9f377d7c580977f090d1a9c78cca44"},
    {file = "grpcio-1.56.0-cp39-cp39-manylinux_2_17_i686.manylinux2014_i686.whl", hash = "sha256:7beb84ebd0a3f732625124b73969d12b7350c5d9d64ddf81ae739bbc63d5b1ed"},
    {file = "grpcio-1.56.0-cp39-cp39-manylinux_2_17_x86_64.manylinux2014_x86_64.whl", hash = "sha256:83ec714bbbe9b9502177c842417fde39f7a267031e01fa3cd83f1ca49688f537"},
    {file = "grpcio-1.56.0-cp39-cp39-musllinux_1_1_i686.whl", hash = "sha256:4feee75565d1b5ab09cb3a5da672b84ca7f6dd80ee07a50f5537207a9af543a4"},
    {file = "grpcio-1.56.0-cp39-cp39-musllinux_1_1_x86_64.whl", hash = "sha256:b4638a796778329cc8e142e4f57c705adb286b3ba64e00b0fa91eeb919611be8"},
    {file = "grpcio-1.56.0-cp39-cp39-win32.whl", hash = "sha256:437af5a7673bca89c4bc0a993382200592d104dd7bf55eddcd141cef91f40bab"},
    {file = "grpcio-1.56.0-cp39-cp39-win_amd64.whl", hash = "sha256:4241a1c2c76e748023c834995cd916570e7180ee478969c2d79a60ce007bc837"},
    {file = "grpcio-1.56.0.tar.gz", hash = "sha256:4c08ee21b3d10315b8dc26f6c13917b20ed574cdbed2d2d80c53d5508fdcc0f2"},
]

[package.extras]
protobuf = ["grpcio-tools (>=1.56.0)"]

[[package]]
name = "importlib-metadata"
version = "6.8.0"
description = "Read metadata from Python packages"
optional = false
python-versions = ">=3.8"
files = [
    {file = "importlib_metadata-6.8.0-py3-none-any.whl", hash = "sha256:3ebb78df84a805d7698245025b975d9d67053cd94c79245ba4b3eb694abe68bb"},
    {file = "importlib_metadata-6.8.0.tar.gz", hash = "sha256:dbace7892d8c0c4ac1ad096662232f831d4e64f4c4545bd53016a3e9d4654743"},
]

[package.dependencies]
zipp = ">=0.5"

[package.extras]
docs = ["furo", "jaraco.packaging (>=9)", "jaraco.tidelift (>=1.4)", "rst.linker (>=1.9)", "sphinx (>=3.5)", "sphinx-lint"]
perf = ["ipython"]
testing = ["flufl.flake8", "importlib-resources (>=1.3)", "packaging", "pyfakefs", "pytest (>=6)", "pytest-black (>=0.3.7)", "pytest-checkdocs (>=2.4)", "pytest-cov", "pytest-enabler (>=2.2)", "pytest-mypy (>=0.9.1)", "pytest-perf (>=0.9.2)", "pytest-ruff"]

[[package]]
name = "opentelemetry-api"
version = "1.19.0"
description = "OpenTelemetry Python API"
optional = false
python-versions = ">=3.7"
files = [
    {file = "opentelemetry_api-1.19.0-py3-none-any.whl", hash = "sha256:dcd2a0ad34b691964947e1d50f9e8c415c32827a1d87f0459a72deb9afdf5597"},
    {file = "opentelemetry_api-1.19.0.tar.gz", hash = "sha256:db374fb5bea00f3c7aa290f5d94cea50b659e6ea9343384c5f6c2bb5d5e8db65"},
]

[package.dependencies]
deprecated = ">=1.2.6"
importlib-metadata = ">=6.0,<7.0"

[[package]]
name = "opentelemetry-exporter-jaeger"
version = "1.19.0"
description = "Jaeger Exporters for OpenTelemetry"
optional = false
python-versions = ">=3.7"
files = [
    {file = "opentelemetry_exporter_jaeger-1.19.0-py3-none-any.whl", hash = "sha256:a7235a386eaa89bd866967c95dfd15ee5fd216cf313c50b9f5ebc27ee8ec4c76"},
    {file = "opentelemetry_exporter_jaeger-1.19.0.tar.gz", hash = "sha256:feffaf67e1d9cead104f255d159ea412822f48a7b0aa4617090ab91b6d07de7e"},
]

[package.dependencies]
opentelemetry-exporter-jaeger-proto-grpc = "1.19.0"
opentelemetry-exporter-jaeger-thrift = "1.19.0"

[[package]]
name = "opentelemetry-exporter-jaeger-proto-grpc"
version = "1.19.0"
description = "Jaeger Protobuf Exporter for OpenTelemetry"
optional = false
python-versions = ">=3.7"
files = [
    {file = "opentelemetry_exporter_jaeger_proto_grpc-1.19.0-py3-none-any.whl", hash = "sha256:702b71c2b15b0d6fc261de69ec5793b99300bc5986be57517d00ad4b3148be21"},
    {file = "opentelemetry_exporter_jaeger_proto_grpc-1.19.0.tar.gz", hash = "sha256:2d7d64dd8b4ae95f55dba549efb24229ee0c6cbed4d4f6cc16bda69ec4ce8203"},
]

[package.dependencies]
googleapis-common-protos = ">=1.52,<1.56.3"
grpcio = ">=1.0.0,<2.0.0"
opentelemetry-api = ">=1.3,<2.0"
opentelemetry-sdk = ">=1.11,<2.0"

[[package]]
name = "opentelemetry-exporter-jaeger-thrift"
version = "1.19.0"
description = "Jaeger Thrift Exporter for OpenTelemetry"
optional = false
python-versions = ">=3.7"
files = [
    {file = "opentelemetry_exporter_jaeger_thrift-1.19.0-py3-none-any.whl", hash = "sha256:ed22f3c3dab822e5bf7e190302b51eafccce9dd58d43226fc6546676076acecc"},
    {file = "opentelemetry_exporter_jaeger_thrift-1.19.0.tar.gz", hash = "sha256:f73daebd2cfb630e391098b11d1aa0d8bcaadb504197d2ecf6dfa8708c7c48ac"},
]

[package.dependencies]
opentelemetry-api = ">=1.3,<2.0"
opentelemetry-sdk = ">=1.11,<2.0"
thrift = ">=0.10.0"

[[package]]
name = "opentelemetry-sdk"
version = "1.19.0"
description = "OpenTelemetry Python SDK"
optional = false
python-versions = ">=3.7"
files = [
    {file = "opentelemetry_sdk-1.19.0-py3-none-any.whl", hash = "sha256:bb67ad676b1bc671766a40d7fc9d9563854c186fa11f0dc8fa2284e004bd4263"},
    {file = "opentelemetry_sdk-1.19.0.tar.gz", hash = "sha256:765928956262c7a7766eaba27127b543fb40ef710499cad075f261f52163a87f"},
]

[package.dependencies]
opentelemetry-api = "1.19.0"
opentelemetry-semantic-conventions = "0.40b0"
typing-extensions = ">=3.7.4"

[[package]]
name = "opentelemetry-semantic-conventions"
version = "0.40b0"
description = "OpenTelemetry Semantic Conventions"
optional = false
python-versions = ">=3.7"
files = [
    {file = "opentelemetry_semantic_conventions-0.40b0-py3-none-any.whl", hash = "sha256:7ebbaf86755a0948902e68637e3ae516c50222c30455e55af154ad3ffe283839"},
    {file = "opentelemetry_semantic_conventions-0.40b0.tar.gz", hash = "sha256:5a7a491873b15ab7c4907bbfd8737645cc87ca55a0a326c1755d1b928d8a0fae"},
]

[[package]]
name = "protobuf"
version = "4.23.4"
description = ""
optional = false
python-versions = ">=3.7"
files = [
    {file = "protobuf-4.23.4-cp310-abi3-win32.whl", hash = "sha256:5fea3c64d41ea5ecf5697b83e41d09b9589e6f20b677ab3c48e5f242d9b7897b"},
    {file = "protobuf-4.23.4-cp310-abi3-win_amd64.whl", hash = "sha256:7b19b6266d92ca6a2a87effa88ecc4af73ebc5cfde194dc737cf8ef23a9a3b12"},
    {file = "protobuf-4.23.4-cp37-abi3-macosx_10_9_universal2.whl", hash = "sha256:8547bf44fe8cec3c69e3042f5c4fb3e36eb2a7a013bb0a44c018fc1e427aafbd"},
    {file = "protobuf-4.23.4-cp37-abi3-manylinux2014_aarch64.whl", hash = "sha256:fee88269a090ada09ca63551bf2f573eb2424035bcf2cb1b121895b01a46594a"},
    {file = "protobuf-4.23.4-cp37-abi3-manylinux2014_x86_64.whl", hash = "sha256:effeac51ab79332d44fba74660d40ae79985901ac21bca408f8dc335a81aa597"},
    {file = "protobuf-4.23.4-cp37-cp37m-win32.whl", hash = "sha256:c3e0939433c40796ca4cfc0fac08af50b00eb66a40bbbc5dee711998fb0bbc1e"},
    {file = "protobuf-4.23.4-cp37-cp37m-win_amd64.whl", hash = "sha256:9053df6df8e5a76c84339ee4a9f5a2661ceee4a0dab019e8663c50ba324208b0"},
    {file = "protobuf-4.23.4-cp38-cp38-win32.whl", hash = "sha256:e1c915778d8ced71e26fcf43c0866d7499891bca14c4368448a82edc61fdbc70"},
    {file = "protobuf-4.23.4-cp38-cp38-win_amd64.whl", hash = "sha256:351cc90f7d10839c480aeb9b870a211e322bf05f6ab3f55fcb2f51331f80a7d2"},
    {file = "protobuf-4.23.4-cp39-cp39-win32.whl", hash = "sha256:6dd9b9940e3f17077e820b75851126615ee38643c2c5332aa7a359988820c720"},
    {file = "protobuf-4.23.4-cp39-cp39-win_amd64.whl", hash = "sha256:0a5759f5696895de8cc913f084e27fd4125e8fb0914bb729a17816a33819f474"},
    {file = "protobuf-4.23.4-py3-none-any.whl", hash = "sha256:e9d0be5bf34b275b9f87ba7407796556abeeba635455d036c7351f7c183ef8ff"},
    {file = "protobuf-4.23.4.tar.gz", hash = "sha256:ccd9430c0719dce806b93f89c91de7977304729e55377f872a92465d548329a9"},
]

[[package]]
name = "python-dateutil"
version = "2.8.2"
description = "Extensions to the standard Python datetime module"
optional = false
python-versions = "!=3.0.*,!=3.1.*,!=3.2.*,>=2.7"
files = [
    {file = "python-dateutil-2.8.2.tar.gz", hash = "sha256:0123cacc1627ae19ddf3c27a5de5bd67ee4586fbdd6440d9748f8abb483d3e86"},
    {file = "python_dateutil-2.8.2-py2.py3-none-any.whl", hash = "sha256:961d03dc3453ebbc59dbdea9e4e11c5651520a876d0f4db161e8674aae935da9"},
]

[package.dependencies]
six = ">=1.5"

[[package]]
name = "six"
version = "1.16.0"
description = "Python 2 and 3 compatibility utilities"
optional = false
python-versions = ">=2.7, !=3.0.*, !=3.1.*, !=3.2.*"
files = [
    {file = "six-1.16.0-py2.py3-none-any.whl", hash = "sha256:8abb2f1d86890a2dfb989f9a77cfcfd3e47c2a354b01111771326f8aa26e0254"},
    {file = "six-1.16.0.tar.gz", hash = "sha256:1e61c37477a1626458e36f7b1d82aa5c9b094fa4802892072e49de9c60c4c926"},
]

[[package]]
name = "temporalio"
version = "1.2.0"
description = "Temporal.io Python SDK"
optional = false
python-versions = ">=3.7,<4.0"
files = [
    {file = "temporalio-1.2.0-cp37-abi3-macosx_10_9_x86_64.whl", hash = "sha256:66c7e3e072eed1c40ef42c693eb47fb9024bb7ac0f31c34d3eada796d43e9728"},
    {file = "temporalio-1.2.0-cp37-abi3-manylinux2014_aarch64.manylinux_2_17_aarch64.whl", hash = "sha256:1359d65ff302d2d446d830aade8939727e32418909fb8b0cf2490891ad2ef0be"},
    {file = "temporalio-1.2.0-cp37-abi3-manylinux2014_x86_64.manylinux_2_17_x86_64.whl", hash = "sha256:d6a1dd159b968ec85589ab5d20c5899bf4a19c5ac736f30364b1b3fd85115f82"},
    {file = "temporalio-1.2.0-cp37-abi3-win_amd64.whl", hash = "sha256:60f4332531922387b72a306d8db350526185aa941d670fd1169daa641dd61ff4"},
    {file = "temporalio-1.2.0-cp38-abi3-macosx_11_0_arm64.whl", hash = "sha256:0872bad3d694322140f8513e1bf3da1cbce057acec0ffd10aeefdc1ac05a3605"},
    {file = "temporalio-1.2.0.tar.gz", hash = "sha256:bb8d68d4a7c3208bd98df082c42fad3e909a218ca425ad5546208e88472a1bcf"},
]

[package.dependencies]
protobuf = ">=3.20"
python-dateutil = {version = ">=2.8.2,<3.0.0", markers = "python_version < \"3.11\""}
types-protobuf = ">=3.20"
typing-extensions = ">=4.2.0,<5.0.0"

[package.extras]
grpc = ["grpcio (>=1.48.0,<2.0.0)"]
opentelemetry = ["opentelemetry-api (>=1.11.1,<2.0.0)", "opentelemetry-sdk (>=1.11.1,<2.0.0)"]

[[package]]
name = "thrift"
version = "0.16.0"
description = "Python bindings for the Apache Thrift RPC system"
optional = false
python-versions = "*"
files = [
    {file = "thrift-0.16.0.tar.gz", hash = "sha256:2b5b6488fcded21f9d312aa23c9ff6a0195d0f6ae26ddbd5ad9e3e25dfc14408"},
]

[package.dependencies]
six = ">=1.7.2"

[package.extras]
all = ["tornado (>=4.0)", "twisted"]
tornado = ["tornado (>=4.0)"]
twisted = ["twisted"]

[[package]]
name = "types-protobuf"
version = "4.23.0.1"
description = "Typing stubs for protobuf"
optional = false
python-versions = "*"
files = [
    {file = "types-protobuf-4.23.0.1.tar.gz", hash = "sha256:7bd5ea122a057b11a82b785d9de464932a1e9175fe977a4128adef11d7f35547"},
    {file = "types_protobuf-4.23.0.1-py3-none-any.whl", hash = "sha256:c926104f69ea62103846681b35b690d8d100ecf86c6cdda16c850a1313a272e4"},
]

[[package]]
name = "typing-extensions"
version = "4.7.1"
description = "Backported and Experimental Type Hints for Python 3.7+"
optional = false
python-versions = ">=3.7"
files = [
    {file = "typing_extensions-4.7.1-py3-none-any.whl", hash = "sha256:440d5dd3af93b060174bf433bccd69b0babc3b15b1a8dca43789fd7f61514b36"},
    {file = "typing_extensions-4.7.1.tar.gz", hash = "sha256:b75ddc264f0ba5615db7ba217daeb99701ad295353c45f9e95963337ceeeffb2"},
]

[[package]]
name = "wrapt"
version = "1.15.0"
description = "Module for decorators, wrappers and monkey patching."
optional = false
python-versions = "!=3.0.*,!=3.1.*,!=3.2.*,!=3.3.*,!=3.4.*,>=2.7"
files = [
    {file = "wrapt-1.15.0-cp27-cp27m-macosx_10_9_x86_64.whl", hash = "sha256:ca1cccf838cd28d5a0883b342474c630ac48cac5df0ee6eacc9c7290f76b11c1"},
    {file = "wrapt-1.15.0-cp27-cp27m-manylinux1_i686.whl", hash = "sha256:e826aadda3cae59295b95343db8f3d965fb31059da7de01ee8d1c40a60398b29"},
    {file = "wrapt-1.15.0-cp27-cp27m-manylinux1_x86_64.whl", hash = "sha256:5fc8e02f5984a55d2c653f5fea93531e9836abbd84342c1d1e17abc4a15084c2"},
    {file = "wrapt-1.15.0-cp27-cp27m-manylinux2010_i686.whl", hash = "sha256:96e25c8603a155559231c19c0349245eeb4ac0096fe3c1d0be5c47e075bd4f46"},
    {file = "wrapt-1.15.0-cp27-cp27m-manylinux2010_x86_64.whl", hash = "sha256:40737a081d7497efea35ab9304b829b857f21558acfc7b3272f908d33b0d9d4c"},
    {file = "wrapt-1.15.0-cp27-cp27mu-manylinux1_i686.whl", hash = "sha256:f87ec75864c37c4c6cb908d282e1969e79763e0d9becdfe9fe5473b7bb1e5f09"},
    {file = "wrapt-1.15.0-cp27-cp27mu-manylinux1_x86_64.whl", hash = "sha256:1286eb30261894e4c70d124d44b7fd07825340869945c79d05bda53a40caa079"},
    {file = "wrapt-1.15.0-cp27-cp27mu-manylinux2010_i686.whl", hash = "sha256:493d389a2b63c88ad56cdc35d0fa5752daac56ca755805b1b0c530f785767d5e"},
    {file = "wrapt-1.15.0-cp27-cp27mu-manylinux2010_x86_64.whl", hash = "sha256:58d7a75d731e8c63614222bcb21dd992b4ab01a399f1f09dd82af17bbfc2368a"},
    {file = "wrapt-1.15.0-cp310-cp310-macosx_10_9_x86_64.whl", hash = "sha256:21f6d9a0d5b3a207cdf7acf8e58d7d13d463e639f0c7e01d82cdb671e6cb7923"},
    {file = "wrapt-1.15.0-cp310-cp310-macosx_11_0_arm64.whl", hash = "sha256:ce42618f67741d4697684e501ef02f29e758a123aa2d669e2d964ff734ee00ee"},
    {file = "wrapt-1.15.0-cp310-cp310-manylinux_2_17_aarch64.manylinux2014_aarch64.whl", hash = "sha256:41d07d029dd4157ae27beab04d22b8e261eddfc6ecd64ff7000b10dc8b3a5727"},
    {file = "wrapt-1.15.0-cp310-cp310-manylinux_2_5_i686.manylinux1_i686.manylinux_2_17_i686.manylinux2014_i686.whl", hash = "sha256:54accd4b8bc202966bafafd16e69da9d5640ff92389d33d28555c5fd4f25ccb7"},
    {file = "wrapt-1.15.0-cp310-cp310-manylinux_2_5_x86_64.manylinux1_x86_64.manylinux_2_17_x86_64.manylinux2014_x86_64.whl", hash = "sha256:2fbfbca668dd15b744418265a9607baa970c347eefd0db6a518aaf0cfbd153c0"},
    {file = "wrapt-1.15.0-cp310-cp310-musllinux_1_1_aarch64.whl", hash = "sha256:76e9c727a874b4856d11a32fb0b389afc61ce8aaf281ada613713ddeadd1cfec"},
    {file = "wrapt-1.15.0-cp310-cp310-musllinux_1_1_i686.whl", hash = "sha256:e20076a211cd6f9b44a6be58f7eeafa7ab5720eb796975d0c03f05b47d89eb90"},
    {file = "wrapt-1.15.0-cp310-cp310-musllinux_1_1_x86_64.whl", hash = "sha256:a74d56552ddbde46c246b5b89199cb3fd182f9c346c784e1a93e4dc3f5ec9975"},
    {file = "wrapt-1.15.0-cp310-cp310-win32.whl", hash = "sha256:26458da5653aa5b3d8dc8b24192f574a58984c749401f98fff994d41d3f08da1"},
    {file = "wrapt-1.15.0-cp310-cp310-win_amd64.whl", hash = "sha256:75760a47c06b5974aa5e01949bf7e66d2af4d08cb8c1d6516af5e39595397f5e"},
    {file = "wrapt-1.15.0-cp311-cp311-macosx_10_9_x86_64.whl", hash = "sha256:ba1711cda2d30634a7e452fc79eabcadaffedf241ff206db2ee93dd2c89a60e7"},
    {file = "wrapt-1.15.0-cp311-cp311-macosx_11_0_arm64.whl", hash = "sha256:56374914b132c702aa9aa9959c550004b8847148f95e1b824772d453ac204a72"},
    {file = "wrapt-1.15.0-cp311-cp311-manylinux_2_17_aarch64.manylinux2014_aarch64.whl", hash = "sha256:a89ce3fd220ff144bd9d54da333ec0de0399b52c9ac3d2ce34b569cf1a5748fb"},
    {file = "wrapt-1.15.0-cp311-cp311-manylinux_2_5_i686.manylinux1_i686.manylinux_2_17_i686.manylinux2014_i686.whl", hash = "sha256:3bbe623731d03b186b3d6b0d6f51865bf598587c38d6f7b0be2e27414f7f214e"},
    {file = "wrapt-1.15.0-cp311-cp311-manylinux_2_5_x86_64.manylinux1_x86_64.manylinux_2_17_x86_64.manylinux2014_x86_64.whl", hash = "sha256:3abbe948c3cbde2689370a262a8d04e32ec2dd4f27103669a45c6929bcdbfe7c"},
    {file = "wrapt-1.15.0-cp311-cp311-musllinux_1_1_aarch64.whl", hash = "sha256:b67b819628e3b748fd3c2192c15fb951f549d0f47c0449af0764d7647302fda3"},
    {file = "wrapt-1.15.0-cp311-cp311-musllinux_1_1_i686.whl", hash = "sha256:7eebcdbe3677e58dd4c0e03b4f2cfa346ed4049687d839adad68cc38bb559c92"},
    {file = "wrapt-1.15.0-cp311-cp311-musllinux_1_1_x86_64.whl", hash = "sha256:74934ebd71950e3db69960a7da29204f89624dde411afbfb3b4858c1409b1e98"},
    {file = "wrapt-1.15.0-cp311-cp311-win32.whl", hash = "sha256:bd84395aab8e4d36263cd1b9308cd504f6cf713b7d6d3ce25ea55670baec5416"},
    {file = "wrapt-1.15.0-cp311-cp311-win_amd64.whl", hash = "sha256:a487f72a25904e2b4bbc0817ce7a8de94363bd7e79890510174da9d901c38705"},
    {file = "wrapt-1.15.0-cp35-cp35m-manylinux1_i686.whl", hash = "sha256:4ff0d20f2e670800d3ed2b220d40984162089a6e2c9646fdb09b85e6f9a8fc29"},
    {file = "wrapt-1.15.0-cp35-cp35m-manylinux1_x86_64.whl", hash = "sha256:9ed6aa0726b9b60911f4aed8ec5b8dd7bf3491476015819f56473ffaef8959bd"},
    {file = "wrapt-1.15.0-cp35-cp35m-manylinux2010_i686.whl", hash = "sha256:896689fddba4f23ef7c718279e42f8834041a21342d95e56922e1c10c0cc7afb"},
    {file = "wrapt-1.15.0-cp35-cp35m-manylinux2010_x86_64.whl", hash = "sha256:75669d77bb2c071333417617a235324a1618dba66f82a750362eccbe5b61d248"},
    {file = "wrapt-1.15.0-cp35-cp35m-win32.whl", hash = "sha256:fbec11614dba0424ca72f4e8ba3c420dba07b4a7c206c8c8e4e73f2e98f4c559"},
    {file = "wrapt-1.15.0-cp35-cp35m-win_amd64.whl", hash = "sha256:fd69666217b62fa5d7c6aa88e507493a34dec4fa20c5bd925e4bc12fce586639"},
    {file = "wrapt-1.15.0-cp36-cp36m-macosx_10_9_x86_64.whl", hash = "sha256:b0724f05c396b0a4c36a3226c31648385deb6a65d8992644c12a4963c70326ba"},
    {file = "wrapt-1.15.0-cp36-cp36m-manylinux_2_17_aarch64.manylinux2014_aarch64.whl", hash = "sha256:bbeccb1aa40ab88cd29e6c7d8585582c99548f55f9b2581dfc5ba68c59a85752"},
    {file = "wrapt-1.15.0-cp36-cp36m-manylinux_2_5_i686.manylinux1_i686.manylinux_2_17_i686.manylinux2014_i686.whl", hash = "sha256:38adf7198f8f154502883242f9fe7333ab05a5b02de7d83aa2d88ea621f13364"},
    {file = "wrapt-1.15.0-cp36-cp36m-manylinux_2_5_x86_64.manylinux1_x86_64.manylinux_2_17_x86_64.manylinux2014_x86_64.whl", hash = "sha256:578383d740457fa790fdf85e6d346fda1416a40549fe8db08e5e9bd281c6a475"},
    {file = "wrapt-1.15.0-cp36-cp36m-musllinux_1_1_aarch64.whl", hash = "sha256:a4cbb9ff5795cd66f0066bdf5947f170f5d63a9274f99bdbca02fd973adcf2a8"},
    {file = "wrapt-1.15.0-cp36-cp36m-musllinux_1_1_i686.whl", hash = "sha256:af5bd9ccb188f6a5fdda9f1f09d9f4c86cc8a539bd48a0bfdc97723970348418"},
    {file = "wrapt-1.15.0-cp36-cp36m-musllinux_1_1_x86_64.whl", hash = "sha256:b56d5519e470d3f2fe4aa7585f0632b060d532d0696c5bdfb5e8319e1d0f69a2"},
    {file = "wrapt-1.15.0-cp36-cp36m-win32.whl", hash = "sha256:77d4c1b881076c3ba173484dfa53d3582c1c8ff1f914c6461ab70c8428b796c1"},
    {file = "wrapt-1.15.0-cp36-cp36m-win_amd64.whl", hash = "sha256:077ff0d1f9d9e4ce6476c1a924a3332452c1406e59d90a2cf24aeb29eeac9420"},
    {file = "wrapt-1.15.0-cp37-cp37m-macosx_10_9_x86_64.whl", hash = "sha256:5c5aa28df055697d7c37d2099a7bc09f559d5053c3349b1ad0c39000e611d317"},
    {file = "wrapt-1.15.0-cp37-cp37m-manylinux_2_17_aarch64.manylinux2014_aarch64.whl", hash = "sha256:3a8564f283394634a7a7054b7983e47dbf39c07712d7b177b37e03f2467a024e"},
    {file = "wrapt-1.15.0-cp37-cp37m-manylinux_2_5_i686.manylinux1_i686.manylinux_2_17_i686.manylinux2014_i686.whl", hash = "sha256:780c82a41dc493b62fc5884fb1d3a3b81106642c5c5c78d6a0d4cbe96d62ba7e"},
    {file = "wrapt-1.15.0-cp37-cp37m-manylinux_2_5_x86_64.manylinux1_x86_64.manylinux_2_17_x86_64.manylinux2014_x86_64.whl", hash = "sha256:e169e957c33576f47e21864cf3fc9ff47c223a4ebca8960079b8bd36cb014fd0"},
    {file = "wrapt-1.15.0-cp37-cp37m-musllinux_1_1_aarch64.whl", hash = "sha256:b02f21c1e2074943312d03d243ac4388319f2456576b2c6023041c4d57cd7019"},
    {file = "wrapt-1.15.0-cp37-cp37m-musllinux_1_1_i686.whl", hash = "sha256:f2e69b3ed24544b0d3dbe2c5c0ba5153ce50dcebb576fdc4696d52aa22db6034"},
    {file = "wrapt-1.15.0-cp37-cp37m-musllinux_1_1_x86_64.whl", hash = "sha256:d787272ed958a05b2c86311d3a4135d3c2aeea4fc655705f074130aa57d71653"},
    {file = "wrapt-1.15.0-cp37-cp37m-win32.whl", hash = "sha256:02fce1852f755f44f95af51f69d22e45080102e9d00258053b79367d07af39c0"},
    {file = "wrapt-1.15.0-cp37-cp37m-win_amd64.whl", hash = "sha256:abd52a09d03adf9c763d706df707c343293d5d106aea53483e0ec8d9e310ad5e"},
    {file = "wrapt-1.15.0-cp38-cp38-macosx_10_9_x86_64.whl", hash = "sha256:cdb4f085756c96a3af04e6eca7f08b1345e94b53af8921b25c72f096e704e145"},
    {file = "wrapt-1.15.0-cp38-cp38-macosx_11_0_arm64.whl", hash = "sha256:230ae493696a371f1dbffaad3dafbb742a4d27a0afd2b1aecebe52b740167e7f"},
    {file = "wrapt-1.15.0-cp38-cp38-manylinux_2_17_aarch64.manylinux2014_aarch64.whl", hash = "sha256:63424c681923b9f3bfbc5e3205aafe790904053d42ddcc08542181a30a7a51bd"},
    {file = "wrapt-1.15.0-cp38-cp38-manylinux_2_5_i686.manylinux1_i686.manylinux_2_17_i686.manylinux2014_i686.whl", hash = "sha256:d6bcbfc99f55655c3d93feb7ef3800bd5bbe963a755687cbf1f490a71fb7794b"},
    {file = "wrapt-1.15.0-cp38-cp38-manylinux_2_5_x86_64.manylinux1_x86_64.manylinux_2_17_x86_64.manylinux2014_x86_64.whl", hash = "sha256:c99f4309f5145b93eca6e35ac1a988f0dc0a7ccf9ccdcd78d3c0adf57224e62f"},
    {file = "wrapt-1.15.0-cp38-cp38-musllinux_1_1_aarch64.whl", hash = "sha256:b130fe77361d6771ecf5a219d8e0817d61b236b7d8b37cc045172e574ed219e6"},
    {file = "wrapt-1.15.0-cp38-cp38-musllinux_1_1_i686.whl", hash = "sha256:96177eb5645b1c6985f5c11d03fc2dbda9ad24ec0f3a46dcce91445747e15094"},
    {file = "wrapt-1.15.0-cp38-cp38-musllinux_1_1_x86_64.whl", hash = "sha256:d5fe3e099cf07d0fb5a1e23d399e5d4d1ca3e6dfcbe5c8570ccff3e9208274f7"},
    {file = "wrapt-1.15.0-cp38-cp38-win32.whl", hash = "sha256:abd8f36c99512755b8456047b7be10372fca271bf1467a1caa88db991e7c421b"},
    {file = "wrapt-1.15.0-cp38-cp38-win_amd64.whl", hash = "sha256:b06fa97478a5f478fb05e1980980a7cdf2712015493b44d0c87606c1513ed5b1"},
    {file = "wrapt-1.15.0-cp39-cp39-macosx_10_9_x86_64.whl", hash = "sha256:2e51de54d4fb8fb50d6ee8327f9828306a959ae394d3e01a1ba8b2f937747d86"},
    {file = "wrapt-1.15.0-cp39-cp39-macosx_11_0_arm64.whl", hash = "sha256:0970ddb69bba00670e58955f8019bec4a42d1785db3faa043c33d81de2bf843c"},
    {file = "wrapt-1.15.0-cp39-cp39-manylinux_2_17_aarch64.manylinux2014_aarch64.whl", hash = "sha256:76407ab327158c510f44ded207e2f76b657303e17cb7a572ffe2f5a8a48aa04d"},
    {file = "wrapt-1.15.0-cp39-cp39-manylinux_2_5_i686.manylinux1_i686.manylinux_2_17_i686.manylinux2014_i686.whl", hash = "sha256:cd525e0e52a5ff16653a3fc9e3dd827981917d34996600bbc34c05d048ca35cc"},
    {file = "wrapt-1.15.0-cp39-cp39-manylinux_2_5_x86_64.manylinux1_x86_64.manylinux_2_17_x86_64.manylinux2014_x86_64.whl", hash = "sha256:9d37ac69edc5614b90516807de32d08cb8e7b12260a285ee330955604ed9dd29"},
    {file = "wrapt-1.15.0-cp39-cp39-musllinux_1_1_aarch64.whl", hash = "sha256:078e2a1a86544e644a68422f881c48b84fef6d18f8c7a957ffd3f2e0a74a0d4a"},
    {file = "wrapt-1.15.0-cp39-cp39-musllinux_1_1_i686.whl", hash = "sha256:2cf56d0e237280baed46f0b5316661da892565ff58309d4d2ed7dba763d984b8"},
    {file = "wrapt-1.15.0-cp39-cp39-musllinux_1_1_x86_64.whl", hash = "sha256:7dc0713bf81287a00516ef43137273b23ee414fe41a3c14be10dd95ed98a2df9"},
    {file = "wrapt-1.15.0-cp39-cp39-win32.whl", hash = "sha256:46ed616d5fb42f98630ed70c3529541408166c22cdfd4540b88d5f21006b0eff"},
    {file = "wrapt-1.15.0-cp39-cp39-win_amd64.whl", hash = "sha256:eef4d64c650f33347c1f9266fa5ae001440b232ad9b98f1f43dfe7a79435c0a6"},
    {file = "wrapt-1.15.0-py3-none-any.whl", hash = "sha256:64b1df0f83706b4ef4cfb4fb0e4c2669100fd7ecacfb59e091fad300d4e04640"},
    {file = "wrapt-1.15.0.tar.gz", hash = "sha256:d06730c6aed78cee4126234cf2d071e01b44b915e725a6cb439a879ec9754a3a"},
]

[[package]]
name = "zipp"
version = "3.16.1"
description = "Backport of pathlib-compatible object wrapper for zip files"
optional = false
python-versions = ">=3.8"
files = [
    {file = "zipp-3.16.1-py3-none-any.whl", hash = "sha256:0b37c326d826d5ca35f2b9685cd750292740774ef16190008b00a0227c256fe0"},
    {file = "zipp-3.16.1.tar.gz", hash = "sha256:857b158da2cbf427b376da1c24fd11faecbac5a4ac7523c3607f8a01f94c2ec0"},
]

[package.extras]
docs = ["furo", "jaraco.packaging (>=9.3)", "jaraco.tidelift (>=1.4)", "rst.linker (>=1.9)", "sphinx (>=3.5)", "sphinx-lint"]
testing = ["big-O", "jaraco.functools", "jaraco.itertools", "more-itertools", "pytest (>=6)", "pytest-black (>=0.3.7)", "pytest-checkdocs (>=2.4)", "pytest-cov", "pytest-enabler (>=2.2)", "pytest-mypy (>=0.9.1)", "pytest-ruff"]

[metadata]
lock-version = "2.0"
python-versions = "^3.10"
content-hash = "2e05962a6f4e681118b92c33a4a9524fe89246bdee247b81138c31b64a71dd09"
